{
  "requires": true,
  "lockfileVersion": 1,
  "dependencies": {
    "clipboard-copy": {
      "version": "3.1.0",
      "resolved": "https://registry.npmjs.org/clipboard-copy/-/clipboard-copy-3.1.0.tgz",
      "integrity": "sha512-Xsu1NddBXB89IUauda5BIq3Zq73UWkjkaQlPQbLNvNsd5WBMnTWPNKYR6HGaySOxGYZ+BKxP2E9X4ElnI3yiPA=="
    }
  }
}
